
Microsoft Visual Studio Solution File, Format Version 12.00
# Visual Studio Version 17
VisualStudioVersion = 17.14.36518.9 d17.14
MinimumVisualStudioVersion = 10.0.40219.1
Project("{FAE04EC0-301F-11D3-BF4B-00C04F79EFBC}") = "P4_2_714240058", "P4_2_714240058\P4_2_714240058.csproj", "{883121A7-3586-472D-9801-45BED839EAA1}"
EndProject
Global
	GlobalSection(SolutionConfigurationPlatforms) = preSolution
		Debug|Any CPU = Debug|Any CPU
		Release|Any CPU = Release|Any CPU
	EndGlobalSection
	GlobalSection(ProjectConfigurationPlatforms) = postSolution
		{883121A7-3586-472D-9801-45BED839EAA1}.Debug|Any CPU.ActiveCfg = Debug|Any CPU
		{883121A7-3586-472D-9801-45BED839EAA1}.Debug|Any CPU.Build.0 = Debug|Any CPU
		{883121A7-3586-472D-9801-45BED839EAA1}.Release|Any CPU.ActiveCfg = Release|Any CPU
		{883121A7-3586-472D-9801-45BED839EAA1}.Release|Any CPU.Build.0 = Release|Any CPU
	EndGlobalSection
	GlobalSection(SolutionProperties) = preSolution
		HideSolutionNode = FALSE
	EndGlobalSection
	GlobalSection(ExtensibilityGlobals) = postSolution
		SolutionGuid = {5853236F-DB71-4876-8214-CF793E2B4F18}
	EndGlobalSection
EndGlobal
