
Microsoft Visual Studio Solution File, Format Version 12.00
# Visual Studio Version 17
VisualStudioVersion = 17.14.36518.9 d17.14
MinimumVisualStudioVersion = 10.0.40219.1
Project("{FAE04EC0-301F-11D3-BF4B-00C04F79EFBC}") = "P6_1_714240058", "P6_1_714240058\P6_1_714240058.csproj", "{13D14628-2E56-4ECD-B4E6-A8ABE207653D}"
EndProject
Global
	GlobalSection(SolutionConfigurationPlatforms) = preSolution
		Debug|Any CPU = Debug|Any CPU
		Release|Any CPU = Release|Any CPU
	EndGlobalSection
	GlobalSection(ProjectConfigurationPlatforms) = postSolution
		{13D14628-2E56-4ECD-B4E6-A8ABE207653D}.Debug|Any CPU.ActiveCfg = Debug|Any CPU
		{13D14628-2E56-4ECD-B4E6-A8ABE207653D}.Debug|Any CPU.Build.0 = Debug|Any CPU
		{13D14628-2E56-4ECD-B4E6-A8ABE207653D}.Release|Any CPU.ActiveCfg = Release|Any CPU
		{13D14628-2E56-4ECD-B4E6-A8ABE207653D}.Release|Any CPU.Build.0 = Release|Any CPU
	EndGlobalSection
	GlobalSection(SolutionProperties) = preSolution
		HideSolutionNode = FALSE
	EndGlobalSection
	GlobalSection(ExtensibilityGlobals) = postSolution
		SolutionGuid = {6AF3B093-0A26-442D-BB87-E35E0FE4F23A}
	EndGlobalSection
EndGlobal
