
Microsoft Visual Studio Solution File, Format Version 12.00
# Visual Studio Version 17
VisualStudioVersion = 17.14.36518.9 d17.14
MinimumVisualStudioVersion = 10.0.40219.1
Project("{FAE04EC0-301F-11D3-BF4B-00C04F79EFBC}") = "P5_3_714240058", "P5_3_714240058\P5_3_714240058.csproj", "{B6D7474A-B0CD-4E87-99BB-64E486FE0FEE}"
EndProject
Global
	GlobalSection(SolutionConfigurationPlatforms) = preSolution
		Debug|Any CPU = Debug|Any CPU
		Release|Any CPU = Release|Any CPU
	EndGlobalSection
	GlobalSection(ProjectConfigurationPlatforms) = postSolution
		{B6D7474A-B0CD-4E87-99BB-64E486FE0FEE}.Debug|Any CPU.ActiveCfg = Debug|Any CPU
		{B6D7474A-B0CD-4E87-99BB-64E486FE0FEE}.Debug|Any CPU.Build.0 = Debug|Any CPU
		{B6D7474A-B0CD-4E87-99BB-64E486FE0FEE}.Release|Any CPU.ActiveCfg = Release|Any CPU
		{B6D7474A-B0CD-4E87-99BB-64E486FE0FEE}.Release|Any CPU.Build.0 = Release|Any CPU
	EndGlobalSection
	GlobalSection(SolutionProperties) = preSolution
		HideSolutionNode = FALSE
	EndGlobalSection
	GlobalSection(ExtensibilityGlobals) = postSolution
		SolutionGuid = {8CFA13EA-C29C-4D61-9473-0143CD5B9BD2}
	EndGlobalSection
EndGlobal
