
Microsoft Visual Studio Solution File, Format Version 12.00
# Visual Studio Version 17
VisualStudioVersion = 17.14.36518.9 d17.14
MinimumVisualStudioVersion = 10.0.40219.1
Project("{FAE04EC0-301F-11D3-BF4B-00C04F79EFBC}") = "P4_1_714240058", "P4_1_714240058\P4_1_714240058.csproj", "{EE70B225-B09E-4603-85C9-CF5160755F22}"
EndProject
Global
	GlobalSection(SolutionConfigurationPlatforms) = preSolution
		Debug|Any CPU = Debug|Any CPU
		Release|Any CPU = Release|Any CPU
	EndGlobalSection
	GlobalSection(ProjectConfigurationPlatforms) = postSolution
		{EE70B225-B09E-4603-85C9-CF5160755F22}.Debug|Any CPU.ActiveCfg = Debug|Any CPU
		{EE70B225-B09E-4603-85C9-CF5160755F22}.Debug|Any CPU.Build.0 = Debug|Any CPU
		{EE70B225-B09E-4603-85C9-CF5160755F22}.Release|Any CPU.ActiveCfg = Release|Any CPU
		{EE70B225-B09E-4603-85C9-CF5160755F22}.Release|Any CPU.Build.0 = Release|Any CPU
	EndGlobalSection
	GlobalSection(SolutionProperties) = preSolution
		HideSolutionNode = FALSE
	EndGlobalSection
	GlobalSection(ExtensibilityGlobals) = postSolution
		SolutionGuid = {99A3E59A-BEF0-4D6B-8490-64A013B71B4B}
	EndGlobalSection
EndGlobal
